
Microsoft Visual Studio Solution File, Format Version 12.00
Project("{FAE04EC0-301F-11D3-BF4B-00C04F79EFBC}") = "ProjectEuler", "ProjectEuler.csproj", "{A43D18E2-FF2D-44F1-AE86-73A3110817E5}"
EndProject
Global
	GlobalSection(SolutionConfigurationPlatforms) = preSolution
		Debug|Any CPU = Debug|Any CPU
		Release|Any CPU = Release|Any CPU
	EndGlobalSection
	GlobalSection(ProjectConfigurationPlatforms) = postSolution
		{A43D18E2-FF2D-44F1-AE86-73A3110817E5}.Debug|Any CPU.ActiveCfg = Debug|Any CPU
		{A43D18E2-FF2D-44F1-AE86-73A3110817E5}.Debug|Any CPU.Build.0 = Debug|Any CPU
		{A43D18E2-FF2D-44F1-AE86-73A3110817E5}.Release|Any CPU.ActiveCfg = Release|Any CPU
		{A43D18E2-FF2D-44F1-AE86-73A3110817E5}.Release|Any CPU.Build.0 = Release|Any CPU
	EndGlobalSection
EndGlobal
